
Microsoft Visual Studio Solution File, Format Version 12.00
# Visual Studio Version 16
VisualStudioVersion = 16.0.30803.129
MinimumVisualStudioVersion = 10.0.40219.1
Project("{9A19103F-16F7-4668-BE54-9A1E7A4F7556}") = "CashDesk.Client", "CashDesk.Client\CashDesk.Client.csproj", "{DF700E63-F365-46FF-BA8F-893496910B52}"
EndProject
Project("{9A19103F-16F7-4668-BE54-9A1E7A4F7556}") = "CashDesk.Server", "CashDesk.Server\CashDesk.Server.csproj", "{B7AD9EFD-3E12-4BAB-94E7-BBF9F9FCAA54}"
EndProject
Project("{9A19103F-16F7-4668-BE54-9A1E7A4F7556}") = "CashDesk.Tesks", "CashDesk.UnitTesks\CashDesk.Tesks.csproj", "{1636EA82-F73F-4B3E-BEA6-8294C50F6C3C}"
EndProject
Project("{9A19103F-16F7-4668-BE54-9A1E7A4F7556}") = "CashDesk.DataPersistence", "CashDesk.DataPersistence\CashDesk.DataPersistence.csproj", "{46BA9B93-C4CA-4CF2-B2DD-86A7F833D1C4}"
EndProject
Global
	GlobalSection(SolutionConfigurationPlatforms) = preSolution
		Debug|Any CPU = Debug|Any CPU
		Release|Any CPU = Release|Any CPU
	EndGlobalSection
	GlobalSection(ProjectConfigurationPlatforms) = postSolution
		{DF700E63-F365-46FF-BA8F-893496910B52}.Debug|Any CPU.ActiveCfg = Debug|Any CPU
		{DF700E63-F365-46FF-BA8F-893496910B52}.Debug|Any CPU.Build.0 = Debug|Any CPU
		{DF700E63-F365-46FF-BA8F-893496910B52}.Release|Any CPU.ActiveCfg = Release|Any CPU
		{DF700E63-F365-46FF-BA8F-893496910B52}.Release|Any CPU.Build.0 = Release|Any CPU
		{B7AD9EFD-3E12-4BAB-94E7-BBF9F9FCAA54}.Debug|Any CPU.ActiveCfg = Debug|Any CPU
		{B7AD9EFD-3E12-4BAB-94E7-BBF9F9FCAA54}.Debug|Any CPU.Build.0 = Debug|Any CPU
		{B7AD9EFD-3E12-4BAB-94E7-BBF9F9FCAA54}.Release|Any CPU.ActiveCfg = Release|Any CPU
		{B7AD9EFD-3E12-4BAB-94E7-BBF9F9FCAA54}.Release|Any CPU.Build.0 = Release|Any CPU
		{1636EA82-F73F-4B3E-BEA6-8294C50F6C3C}.Debug|Any CPU.ActiveCfg = Debug|Any CPU
		{1636EA82-F73F-4B3E-BEA6-8294C50F6C3C}.Debug|Any CPU.Build.0 = Debug|Any CPU
		{1636EA82-F73F-4B3E-BEA6-8294C50F6C3C}.Release|Any CPU.ActiveCfg = Release|Any CPU
		{1636EA82-F73F-4B3E-BEA6-8294C50F6C3C}.Release|Any CPU.Build.0 = Release|Any CPU
		{46BA9B93-C4CA-4CF2-B2DD-86A7F833D1C4}.Debug|Any CPU.ActiveCfg = Debug|Any CPU
		{46BA9B93-C4CA-4CF2-B2DD-86A7F833D1C4}.Debug|Any CPU.Build.0 = Debug|Any CPU
		{46BA9B93-C4CA-4CF2-B2DD-86A7F833D1C4}.Release|Any CPU.ActiveCfg = Release|Any CPU
		{46BA9B93-C4CA-4CF2-B2DD-86A7F833D1C4}.Release|Any CPU.Build.0 = Release|Any CPU
	EndGlobalSection
	GlobalSection(SolutionProperties) = preSolution
		HideSolutionNode = FALSE
	EndGlobalSection
	GlobalSection(ExtensibilityGlobals) = postSolution
		SolutionGuid = {1BF1F8F2-12E8-44A9-A572-63A273B6E330}
	EndGlobalSection
EndGlobal
