
Microsoft Visual Studio Solution File, Format Version 12.00
# Visual Studio Version 16
VisualStudioVersion = 16.0.30323.103
MinimumVisualStudioVersion = 15.0.26124.0
Project("{9A19103F-16F7-4668-BE54-9A1E7A4F7556}") = "TicketSales.Api", "ticketsales.api\TicketSales.Api.csproj", "{93D628D4-2061-487C-AF55-97405341AFE8}"
EndProject
Project("{9A19103F-16F7-4668-BE54-9A1E7A4F7556}") = "TicketSales.ThirdPartyApi", "ticketsales.thirdpartyapi\TicketSales.ThirdPartyApi.csproj", "{D2CBB0BD-F950-434F-B21B-7CDB2805F804}"
EndProject
Project("{9A19103F-16F7-4668-BE54-9A1E7A4F7556}") = "TicketSales.MockClient", "TicketSales.MockClient\TicketSales.MockClient.csproj", "{3CA12E6C-F082-43DB-9FF2-71DB83B0CB22}"
EndProject
Project("{2150E333-8FDC-42A3-9474-1A3956D46DE8}") = "Solution Items", "Solution Items", "{EDC1556B-B4BE-499A-B39F-88E8462F6BB6}"
	ProjectSection(SolutionItems) = preProject
		.gitignore = .gitignore
	EndProjectSection
EndProject
Project("{9A19103F-16F7-4668-BE54-9A1E7A4F7556}") = "TicketSales.ServiceBusHelper", "TicketSales.ServiceBusHelper\TicketSales.ServiceBusHelper.csproj", "{E5431F44-BEBC-4A66-9157-A30B2B850381}"
EndProject
Project("{9A19103F-16F7-4668-BE54-9A1E7A4F7556}") = "TicketSales.Common", "TicketSales.Common\TicketSales.Common.csproj", "{6EFD231D-2D13-4727-B3C6-DCD40903E293}"
EndProject
Project("{9A19103F-16F7-4668-BE54-9A1E7A4F7556}") = "TicketSales.Service", "TicketSales.Service\TicketSales.Service.csproj", "{D7D64AC6-A04D-4173-9E29-6655C6270934}"
EndProject
Project("{FAE04EC0-301F-11D3-BF4B-00C04F79EFBC}") = "TicketSales.ThirdPartyProxy", "TicketSales.ThirdPartyProxy\TicketSales.ThirdPartyProxy.csproj", "{5B9222C0-236C-421F-813B-C315D46C90CF}"
EndProject
Global
	GlobalSection(SolutionConfigurationPlatforms) = preSolution
		Debug|Any CPU = Debug|Any CPU
		Debug|x64 = Debug|x64
		Debug|x86 = Debug|x86
		Release|Any CPU = Release|Any CPU
		Release|x64 = Release|x64
		Release|x86 = Release|x86
	EndGlobalSection
	GlobalSection(ProjectConfigurationPlatforms) = postSolution
		{93D628D4-2061-487C-AF55-97405341AFE8}.Debug|Any CPU.ActiveCfg = Debug|Any CPU
		{93D628D4-2061-487C-AF55-97405341AFE8}.Debug|Any CPU.Build.0 = Debug|Any CPU
		{93D628D4-2061-487C-AF55-97405341AFE8}.Debug|x64.ActiveCfg = Debug|Any CPU
		{93D628D4-2061-487C-AF55-97405341AFE8}.Debug|x64.Build.0 = Debug|Any CPU
		{93D628D4-2061-487C-AF55-97405341AFE8}.Debug|x86.ActiveCfg = Debug|Any CPU
		{93D628D4-2061-487C-AF55-97405341AFE8}.Debug|x86.Build.0 = Debug|Any CPU
		{93D628D4-2061-487C-AF55-97405341AFE8}.Release|Any CPU.ActiveCfg = Release|Any CPU
		{93D628D4-2061-487C-AF55-97405341AFE8}.Release|Any CPU.Build.0 = Release|Any CPU
		{93D628D4-2061-487C-AF55-97405341AFE8}.Release|x64.ActiveCfg = Release|Any CPU
		{93D628D4-2061-487C-AF55-97405341AFE8}.Release|x64.Build.0 = Release|Any CPU
		{93D628D4-2061-487C-AF55-97405341AFE8}.Release|x86.ActiveCfg = Release|Any CPU
		{93D628D4-2061-487C-AF55-97405341AFE8}.Release|x86.Build.0 = Release|Any CPU
		{D2CBB0BD-F950-434F-B21B-7CDB2805F804}.Debug|Any CPU.ActiveCfg = Debug|Any CPU
		{D2CBB0BD-F950-434F-B21B-7CDB2805F804}.Debug|Any CPU.Build.0 = Debug|Any CPU
		{D2CBB0BD-F950-434F-B21B-7CDB2805F804}.Debug|x64.ActiveCfg = Debug|Any CPU
		{D2CBB0BD-F950-434F-B21B-7CDB2805F804}.Debug|x64.Build.0 = Debug|Any CPU
		{D2CBB0BD-F950-434F-B21B-7CDB2805F804}.Debug|x86.ActiveCfg = Debug|Any CPU
		{D2CBB0BD-F950-434F-B21B-7CDB2805F804}.Debug|x86.Build.0 = Debug|Any CPU
		{D2CBB0BD-F950-434F-B21B-7CDB2805F804}.Release|Any CPU.ActiveCfg = Release|Any CPU
		{D2CBB0BD-F950-434F-B21B-7CDB2805F804}.Release|Any CPU.Build.0 = Release|Any CPU
		{D2CBB0BD-F950-434F-B21B-7CDB2805F804}.Release|x64.ActiveCfg = Release|Any CPU
		{D2CBB0BD-F950-434F-B21B-7CDB2805F804}.Release|x64.Build.0 = Release|Any CPU
		{D2CBB0BD-F950-434F-B21B-7CDB2805F804}.Release|x86.ActiveCfg = Release|Any CPU
		{D2CBB0BD-F950-434F-B21B-7CDB2805F804}.Release|x86.Build.0 = Release|Any CPU
		{3CA12E6C-F082-43DB-9FF2-71DB83B0CB22}.Debug|Any CPU.ActiveCfg = Debug|Any CPU
		{3CA12E6C-F082-43DB-9FF2-71DB83B0CB22}.Debug|Any CPU.Build.0 = Debug|Any CPU
		{3CA12E6C-F082-43DB-9FF2-71DB83B0CB22}.Debug|x64.ActiveCfg = Debug|Any CPU
		{3CA12E6C-F082-43DB-9FF2-71DB83B0CB22}.Debug|x64.Build.0 = Debug|Any CPU
		{3CA12E6C-F082-43DB-9FF2-71DB83B0CB22}.Debug|x86.ActiveCfg = Debug|Any CPU
		{3CA12E6C-F082-43DB-9FF2-71DB83B0CB22}.Debug|x86.Build.0 = Debug|Any CPU
		{3CA12E6C-F082-43DB-9FF2-71DB83B0CB22}.Release|Any CPU.ActiveCfg = Release|Any CPU
		{3CA12E6C-F082-43DB-9FF2-71DB83B0CB22}.Release|Any CPU.Build.0 = Release|Any CPU
		{3CA12E6C-F082-43DB-9FF2-71DB83B0CB22}.Release|x64.ActiveCfg = Release|Any CPU
		{3CA12E6C-F082-43DB-9FF2-71DB83B0CB22}.Release|x64.Build.0 = Release|Any CPU
		{3CA12E6C-F082-43DB-9FF2-71DB83B0CB22}.Release|x86.ActiveCfg = Release|Any CPU
		{3CA12E6C-F082-43DB-9FF2-71DB83B0CB22}.Release|x86.Build.0 = Release|Any CPU
		{E5431F44-BEBC-4A66-9157-A30B2B850381}.Debug|Any CPU.ActiveCfg = Debug|Any CPU
		{E5431F44-BEBC-4A66-9157-A30B2B850381}.Debug|Any CPU.Build.0 = Debug|Any CPU
		{E5431F44-BEBC-4A66-9157-A30B2B850381}.Debug|x64.ActiveCfg = Debug|Any CPU
		{E5431F44-BEBC-4A66-9157-A30B2B850381}.Debug|x64.Build.0 = Debug|Any CPU
		{E5431F44-BEBC-4A66-9157-A30B2B850381}.Debug|x86.ActiveCfg = Debug|Any CPU
		{E5431F44-BEBC-4A66-9157-A30B2B850381}.Debug|x86.Build.0 = Debug|Any CPU
		{E5431F44-BEBC-4A66-9157-A30B2B850381}.Release|Any CPU.ActiveCfg = Release|Any CPU
		{E5431F44-BEBC-4A66-9157-A30B2B850381}.Release|Any CPU.Build.0 = Release|Any CPU
		{E5431F44-BEBC-4A66-9157-A30B2B850381}.Release|x64.ActiveCfg = Release|Any CPU
		{E5431F44-BEBC-4A66-9157-A30B2B850381}.Release|x64.Build.0 = Release|Any CPU
		{E5431F44-BEBC-4A66-9157-A30B2B850381}.Release|x86.ActiveCfg = Release|Any CPU
		{E5431F44-BEBC-4A66-9157-A30B2B850381}.Release|x86.Build.0 = Release|Any CPU
		{6EFD231D-2D13-4727-B3C6-DCD40903E293}.Debug|Any CPU.ActiveCfg = Debug|Any CPU
		{6EFD231D-2D13-4727-B3C6-DCD40903E293}.Debug|Any CPU.Build.0 = Debug|Any CPU
		{6EFD231D-2D13-4727-B3C6-DCD40903E293}.Debug|x64.ActiveCfg = Debug|Any CPU
		{6EFD231D-2D13-4727-B3C6-DCD40903E293}.Debug|x64.Build.0 = Debug|Any CPU
		{6EFD231D-2D13-4727-B3C6-DCD40903E293}.Debug|x86.ActiveCfg = Debug|Any CPU
		{6EFD231D-2D13-4727-B3C6-DCD40903E293}.Debug|x86.Build.0 = Debug|Any CPU
		{6EFD231D-2D13-4727-B3C6-DCD40903E293}.Release|Any CPU.ActiveCfg = Release|Any CPU
		{6EFD231D-2D13-4727-B3C6-DCD40903E293}.Release|Any CPU.Build.0 = Release|Any CPU
		{6EFD231D-2D13-4727-B3C6-DCD40903E293}.Release|x64.ActiveCfg = Release|Any CPU
		{6EFD231D-2D13-4727-B3C6-DCD40903E293}.Release|x64.Build.0 = Release|Any CPU
		{6EFD231D-2D13-4727-B3C6-DCD40903E293}.Release|x86.ActiveCfg = Release|Any CPU
		{6EFD231D-2D13-4727-B3C6-DCD40903E293}.Release|x86.Build.0 = Release|Any CPU
		{D7D64AC6-A04D-4173-9E29-6655C6270934}.Debug|Any CPU.ActiveCfg = Debug|Any CPU
		{D7D64AC6-A04D-4173-9E29-6655C6270934}.Debug|Any CPU.Build.0 = Debug|Any CPU
		{D7D64AC6-A04D-4173-9E29-6655C6270934}.Debug|x64.ActiveCfg = Debug|Any CPU
		{D7D64AC6-A04D-4173-9E29-6655C6270934}.Debug|x64.Build.0 = Debug|Any CPU
		{D7D64AC6-A04D-4173-9E29-6655C6270934}.Debug|x86.ActiveCfg = Debug|Any CPU
		{D7D64AC6-A04D-4173-9E29-6655C6270934}.Debug|x86.Build.0 = Debug|Any CPU
		{D7D64AC6-A04D-4173-9E29-6655C6270934}.Release|Any CPU.ActiveCfg = Release|Any CPU
		{D7D64AC6-A04D-4173-9E29-6655C6270934}.Release|Any CPU.Build.0 = Release|Any CPU
		{D7D64AC6-A04D-4173-9E29-6655C6270934}.Release|x64.ActiveCfg = Release|Any CPU
		{D7D64AC6-A04D-4173-9E29-6655C6270934}.Release|x64.Build.0 = Release|Any CPU
		{D7D64AC6-A04D-4173-9E29-6655C6270934}.Release|x86.ActiveCfg = Release|Any CPU
		{D7D64AC6-A04D-4173-9E29-6655C6270934}.Release|x86.Build.0 = Release|Any CPU
		{5B9222C0-236C-421F-813B-C315D46C90CF}.Debug|Any CPU.ActiveCfg = Debug|Any CPU
		{5B9222C0-236C-421F-813B-C315D46C90CF}.Debug|Any CPU.Build.0 = Debug|Any CPU
		{5B9222C0-236C-421F-813B-C315D46C90CF}.Debug|x64.ActiveCfg = Debug|Any CPU
		{5B9222C0-236C-421F-813B-C315D46C90CF}.Debug|x64.Build.0 = Debug|Any CPU
		{5B9222C0-236C-421F-813B-C315D46C90CF}.Debug|x86.ActiveCfg = Debug|Any CPU
		{5B9222C0-236C-421F-813B-C315D46C90CF}.Debug|x86.Build.0 = Debug|Any CPU
		{5B9222C0-236C-421F-813B-C315D46C90CF}.Release|Any CPU.ActiveCfg = Release|Any CPU
		{5B9222C0-236C-421F-813B-C315D46C90CF}.Release|Any CPU.Build.0 = Release|Any CPU
		{5B9222C0-236C-421F-813B-C315D46C90CF}.Release|x64.ActiveCfg = Release|Any CPU
		{5B9222C0-236C-421F-813B-C315D46C90CF}.Release|x64.Build.0 = Release|Any CPU
		{5B9222C0-236C-421F-813B-C315D46C90CF}.Release|x86.ActiveCfg = Release|Any CPU
		{5B9222C0-236C-421F-813B-C315D46C90CF}.Release|x86.Build.0 = Release|Any CPU
	EndGlobalSection
	GlobalSection(SolutionProperties) = preSolution
		HideSolutionNode = FALSE
	EndGlobalSection
	GlobalSection(ExtensibilityGlobals) = postSolution
		SolutionGuid = {AB4E26E0-BF3A-456C-873C-28456A480FE2}
	EndGlobalSection
EndGlobal
