
Microsoft Visual Studio Solution File, Format Version 12.00
# Visual Studio Version 16
VisualStudioVersion = 16.0.31320.298
MinimumVisualStudioVersion = 10.0.40219.1
Project("{9A19103F-16F7-4668-BE54-9A1E7A4F7556}") = "CommitCustomerDataExtended", "CommitCustomerDataExtended\CommitCustomerDataExtended.csproj", "{76970018-0372-47F8-8E27-26370AB3ABF2}"
EndProject
Project("{FAE04EC0-301F-11D3-BF4B-00C04F79EFBC}") = "CommitCustomerData.Extended.UnitTests", "..\..\tests\CommitCustomerData.Extended.UnitTests\CommitCustomerData.Extended.UnitTests.csproj", "{A30FE89A-C30D-409C-808B-761C842A8B5D}"
EndProject
Global
	GlobalSection(SolutionConfigurationPlatforms) = preSolution
		Debug|Any CPU = Debug|Any CPU
		Release|Any CPU = Release|Any CPU
	EndGlobalSection
	GlobalSection(ProjectConfigurationPlatforms) = postSolution
		{76970018-0372-47F8-8E27-26370AB3ABF2}.Debug|Any CPU.ActiveCfg = Debug|Any CPU
		{76970018-0372-47F8-8E27-26370AB3ABF2}.Debug|Any CPU.Build.0 = Debug|Any CPU
		{76970018-0372-47F8-8E27-26370AB3ABF2}.Release|Any CPU.ActiveCfg = Release|Any CPU
		{76970018-0372-47F8-8E27-26370AB3ABF2}.Release|Any CPU.Build.0 = Release|Any CPU
		{A30FE89A-C30D-409C-808B-761C842A8B5D}.Debug|Any CPU.ActiveCfg = Debug|Any CPU
		{A30FE89A-C30D-409C-808B-761C842A8B5D}.Debug|Any CPU.Build.0 = Debug|Any CPU
		{A30FE89A-C30D-409C-808B-761C842A8B5D}.Release|Any CPU.ActiveCfg = Release|Any CPU
		{A30FE89A-C30D-409C-808B-761C842A8B5D}.Release|Any CPU.Build.0 = Release|Any CPU
	EndGlobalSection
	GlobalSection(SolutionProperties) = preSolution
		HideSolutionNode = FALSE
	EndGlobalSection
	GlobalSection(ExtensibilityGlobals) = postSolution
		SolutionGuid = {F3EE42B9-4472-4146-B2DE-202469E1D25A}
	EndGlobalSection
EndGlobal
