
Microsoft Visual Studio Solution File, Format Version 12.00
# Visual Studio Version 16
VisualStudioVersion = 16.0.30803.129
MinimumVisualStudioVersion = 10.0.40219.1
Project("{9A19103F-16F7-4668-BE54-9A1E7A4F7556}") = "SocialMedia.Client", "SocialMedia.Client\SocialMedia.Client.csproj", "{D8F25263-F4BE-474A-85A5-65EC63AA7BB5}"
EndProject
Project("{9A19103F-16F7-4668-BE54-9A1E7A4F7556}") = "SocialMedia.ProcessDataService", "SocialMedia.Transfer\SocialMedia.ProcessDataService.csproj", "{43B3320B-CB65-4701-A37B-9650356FD8F6}"
EndProject
Project("{9A19103F-16F7-4668-BE54-9A1E7A4F7556}") = "SocialMedia.Data.Mongo", "SocialMedia.Data.Mongo\SocialMedia.Data.Mongo.csproj", "{FE8F3381-C4CA-4290-865B-D717506A1E8A}"
EndProject
Project("{FAE04EC0-301F-11D3-BF4B-00C04F79EFBC}") = "SocialMedia.UpdateService", "SocialMedia.UpdateService\SocialMedia.UpdateService.csproj", "{1379E7F6-F83C-493C-B0F4-2B194EC68932}"
EndProject
Global
	GlobalSection(SolutionConfigurationPlatforms) = preSolution
		Debug|Any CPU = Debug|Any CPU
		Release|Any CPU = Release|Any CPU
	EndGlobalSection
	GlobalSection(ProjectConfigurationPlatforms) = postSolution
		{D8F25263-F4BE-474A-85A5-65EC63AA7BB5}.Debug|Any CPU.ActiveCfg = Debug|Any CPU
		{D8F25263-F4BE-474A-85A5-65EC63AA7BB5}.Debug|Any CPU.Build.0 = Debug|Any CPU
		{D8F25263-F4BE-474A-85A5-65EC63AA7BB5}.Release|Any CPU.ActiveCfg = Release|Any CPU
		{D8F25263-F4BE-474A-85A5-65EC63AA7BB5}.Release|Any CPU.Build.0 = Release|Any CPU
		{43B3320B-CB65-4701-A37B-9650356FD8F6}.Debug|Any CPU.ActiveCfg = Debug|Any CPU
		{43B3320B-CB65-4701-A37B-9650356FD8F6}.Debug|Any CPU.Build.0 = Debug|Any CPU
		{43B3320B-CB65-4701-A37B-9650356FD8F6}.Release|Any CPU.ActiveCfg = Release|Any CPU
		{43B3320B-CB65-4701-A37B-9650356FD8F6}.Release|Any CPU.Build.0 = Release|Any CPU
		{FE8F3381-C4CA-4290-865B-D717506A1E8A}.Debug|Any CPU.ActiveCfg = Debug|Any CPU
		{FE8F3381-C4CA-4290-865B-D717506A1E8A}.Debug|Any CPU.Build.0 = Debug|Any CPU
		{FE8F3381-C4CA-4290-865B-D717506A1E8A}.Release|Any CPU.ActiveCfg = Release|Any CPU
		{FE8F3381-C4CA-4290-865B-D717506A1E8A}.Release|Any CPU.Build.0 = Release|Any CPU
		{1379E7F6-F83C-493C-B0F4-2B194EC68932}.Debug|Any CPU.ActiveCfg = Debug|Any CPU
		{1379E7F6-F83C-493C-B0F4-2B194EC68932}.Debug|Any CPU.Build.0 = Debug|Any CPU
		{1379E7F6-F83C-493C-B0F4-2B194EC68932}.Release|Any CPU.ActiveCfg = Release|Any CPU
		{1379E7F6-F83C-493C-B0F4-2B194EC68932}.Release|Any CPU.Build.0 = Release|Any CPU
	EndGlobalSection
	GlobalSection(SolutionProperties) = preSolution
		HideSolutionNode = FALSE
	EndGlobalSection
	GlobalSection(ExtensibilityGlobals) = postSolution
		SolutionGuid = {FE115B64-9C53-4116-A348-06F4525E935B}
	EndGlobalSection
EndGlobal
